
Microsoft Visual Studio Solution File, Format Version 12.00
# Visual Studio Version 17
VisualStudioVersion = 17.0.31611.283
MinimumVisualStudioVersion = 10.0.40219.1
Project("{9A19103F-16F7-4668-BE54-9A1E7A4F7556}") = "InspectorGoe", "InspectorGoe\InspectorGoe.csproj", "{3E6876DF-8C03-4930-B9CF-00EC95C1D0E9}"
EndProject
Project("{9A19103F-16F7-4668-BE54-9A1E7A4F7556}") = "GameComponents", "GameComponents\GameComponents.csproj", "{5B755A7D-29EB-433D-AB65-EDF959915887}"
EndProject
Project("{9A19103F-16F7-4668-BE54-9A1E7A4F7556}") = "TestProject", "TestProject\TestProject.csproj", "{F5832DB0-A89E-4D2A-A044-DB176924B0B0}"
EndProject
Project("{FAE04EC0-301F-11D3-BF4B-00C04F79EFBC}") = "InspectorGoeServer", "InspectorGoeServer\InspectorGoeServer.csproj", "{E5E5B33B-815D-452A-9C79-DBEDAF0AC299}"
EndProject
Project("{FAE04EC0-301F-11D3-BF4B-00C04F79EFBC}") = "CommunicationModel", "CommunicationModel\CommunicationModel.csproj", "{ABE78508-9803-4220-AFD7-7BF3A76AD1CB}"
EndProject
Global
	GlobalSection(SolutionConfigurationPlatforms) = preSolution
		Debug|Any CPU = Debug|Any CPU
		Release|Any CPU = Release|Any CPU
	EndGlobalSection
	GlobalSection(ProjectConfigurationPlatforms) = postSolution
		{3E6876DF-8C03-4930-B9CF-00EC95C1D0E9}.Debug|Any CPU.ActiveCfg = Debug|Any CPU
		{3E6876DF-8C03-4930-B9CF-00EC95C1D0E9}.Debug|Any CPU.Build.0 = Debug|Any CPU
		{3E6876DF-8C03-4930-B9CF-00EC95C1D0E9}.Debug|Any CPU.Deploy.0 = Debug|Any CPU
		{3E6876DF-8C03-4930-B9CF-00EC95C1D0E9}.Release|Any CPU.ActiveCfg = Release|Any CPU
		{3E6876DF-8C03-4930-B9CF-00EC95C1D0E9}.Release|Any CPU.Build.0 = Release|Any CPU
		{3E6876DF-8C03-4930-B9CF-00EC95C1D0E9}.Release|Any CPU.Deploy.0 = Release|Any CPU
		{5B755A7D-29EB-433D-AB65-EDF959915887}.Debug|Any CPU.ActiveCfg = Debug|Any CPU
		{5B755A7D-29EB-433D-AB65-EDF959915887}.Debug|Any CPU.Build.0 = Debug|Any CPU
		{5B755A7D-29EB-433D-AB65-EDF959915887}.Release|Any CPU.ActiveCfg = Release|Any CPU
		{5B755A7D-29EB-433D-AB65-EDF959915887}.Release|Any CPU.Build.0 = Release|Any CPU
		{F5832DB0-A89E-4D2A-A044-DB176924B0B0}.Debug|Any CPU.ActiveCfg = Debug|Any CPU
		{F5832DB0-A89E-4D2A-A044-DB176924B0B0}.Debug|Any CPU.Build.0 = Debug|Any CPU
		{F5832DB0-A89E-4D2A-A044-DB176924B0B0}.Release|Any CPU.ActiveCfg = Release|Any CPU
		{F5832DB0-A89E-4D2A-A044-DB176924B0B0}.Release|Any CPU.Build.0 = Release|Any CPU
		{E5E5B33B-815D-452A-9C79-DBEDAF0AC299}.Debug|Any CPU.ActiveCfg = Debug|Any CPU
		{E5E5B33B-815D-452A-9C79-DBEDAF0AC299}.Debug|Any CPU.Build.0 = Debug|Any CPU
		{E5E5B33B-815D-452A-9C79-DBEDAF0AC299}.Release|Any CPU.ActiveCfg = Release|Any CPU
		{E5E5B33B-815D-452A-9C79-DBEDAF0AC299}.Release|Any CPU.Build.0 = Release|Any CPU
		{ABE78508-9803-4220-AFD7-7BF3A76AD1CB}.Debug|Any CPU.ActiveCfg = Debug|Any CPU
		{ABE78508-9803-4220-AFD7-7BF3A76AD1CB}.Debug|Any CPU.Build.0 = Debug|Any CPU
		{ABE78508-9803-4220-AFD7-7BF3A76AD1CB}.Release|Any CPU.ActiveCfg = Release|Any CPU
		{ABE78508-9803-4220-AFD7-7BF3A76AD1CB}.Release|Any CPU.Build.0 = Release|Any CPU
	EndGlobalSection
	GlobalSection(SolutionProperties) = preSolution
		HideSolutionNode = FALSE
	EndGlobalSection
	GlobalSection(ExtensibilityGlobals) = postSolution
		SolutionGuid = {61F7FB11-1E47-470C-91E2-47F8143E1572}
	EndGlobalSection
EndGlobal
